{
  "version": 4,
  "terraform_version": "1.11.4",
  "serial": 3,
  "lineage": "b256c960-fa4c-5e7c-b753-78c5b99767e9",
  "outputs": {
    "app_info": {
      "value": {
        "app_url": "http://localhost:8080",
        "container_names": [
          "mi-app-dev-1"
        ],
        "environment": "dev",
        "memory_per_container": "256MB",
        "network_name": "mi-app-dev-network",
        "replica_count": 1
      },
      "type": [
        "object",
        {
          "app_url": "string",
          "container_names": [
            "tuple",
            [
              "string"
            ]
          ],
          "environment": "string",
          "memory_per_container": "string",
          "network_name": "string",
          "replica_count": "number"
        }
      ]
    }
  },
  "resources": [
    {
      "mode": "managed",
      "type": "docker_network",
      "name": "app_network",
      "provider": "provider[\"registry.terraform.io/kreuzwerker/docker\"]",
      "instances": [
        {
          "schema_version": 1,
          "attributes": {
            "attachable": false,
            "check_duplicate": null,
            "driver": "bridge",
            "id": "4704a17936fff1b368afb72a5009b038d79c10d150422d6e51020032526b3fad",
            "ingress": false,
            "internal": false,
            "ipam_config": [
              {
                "aux_address": {},
                "gateway": "192.168.112.1",
                "ip_range": "",
                "subnet": "192.168.112.0/20"
              }
            ],
            "ipam_driver": "default",
            "ipam_options": null,
            "ipv6": false,
            "labels": [],
            "name": "mi-app-dev-network",
            "options": {},
            "scope": "local"
          },
          "sensitive_attributes": [],
          "private": "eyJzY2hlbWFfdmVyc2lvbiI6IjEifQ=="
        }
      ]
    }
  ],
  "check_results": null
}
