{
  "version": 4,
  "terraform_version": "1.11.4",
  "serial": 1,
  "lineage": "09d0fbc5-69f5-3651-ad2c-554d7ee743a9",
  "outputs": {},
  "resources": [
    {
      "mode": "managed",
      "type": "local_file",
      "name": "app_config",
      "provider": "provider[\"registry.terraform.io/hashicorp/local\"]",
      "instances": [
        {
          "schema_version": 0,
          "attributes": {
            "content": "[Application]\nenvironment = dev\ndebug = true\nport = 8080\n",
            "content_base64": null,
            "content_base64sha256": "SkWepDQJ8gafrEViEq4h/tGfAZ8IKO/RJjMX/o7YGV4=",
            "content_base64sha512": "XQZq7jnZrIbxHJkad/HTRCj1U5hFX9/KFEQghL5gLE5Qm9sdlBIjEoQVvnpCZjFkYltc430rUb8ottuJd8Mnxg==",
            "content_md5": "e6e47c9fc780167f4b52f459ee7053a6",
            "content_sha1": "cc371c8ae5982a06ca342afb23fcc91a4ed14640",
            "content_sha256": "4a459ea43409f2069fac456212ae21fed19f019f0828efd1263317fe8ed8195e",
            "content_sha512": "5d066aee39d9ac86f11c991a77f1d34428f55398455fdfca14442084be602c4e509bdb1d941223128415be7a42663164625b5ce37d2b51bf28b6db8977c327c6",
            "directory_permission": "0777",
            "file_permission": "0777",
            "filename": "app-dev.conf",
            "id": "cc371c8ae5982a06ca342afb23fcc91a4ed14640",
            "sensitive_content": null,
            "source": null
          },
          "sensitive_attributes": [
            [
              {
                "type": "get_attr",
                "value": "sensitive_content"
              }
            ]
          ]
        }
      ]
    }
  ],
  "check_results": null
}
